<?xml version="1.0" encoding="utf-8"?>
<Project ToolsVersion="4.0" xmlns="http://schemas.microsoft.com/developer/msbuild/2003">
  <ItemGroup>
    <Filter Include="Source Files">
      <UniqueIdentifier>{a0140a07-abde-49c5-82aa-68930e301fcf}</UniqueIdentifier>
      <Extensions>cpp;c;cxx;rc;def;r;odl;idl;hpj;bat</Extensions>
    </Filter>
    <Filter Include="Header Files">
      <UniqueIdentifier>{10578edd-9877-493d-a19a-1b051e262621}</UniqueIdentifier>
      <Extensions>h;hpp;hxx;hm;inl</Extensions>
    </Filter>
    <Filter Include="Resource Files">
      <UniqueIdentifier>{720def82-fd99-49bb-94c2-fb5504e1fb67}</UniqueIdentifier>
      <Extensions>ico;cur;bmp;dlg;rc2;rct;bin;rgs;gif;jpg;jpeg;jpe</Extensions>
    </Filter>
  </ItemGroup>
  <ItemGroup>
    <ClCompile Include="AnimateDlgIcon.cpp">
      <Filter>Source Files</Filter>
    </ClCompile>
    <ClCompile Include="HYPERLINK.CPP">
      <Filter>Source Files</Filter>
    </ClCompile>
    <ClCompile Include="PushPin.cpp">
      <Filter>Source Files</Filter>
    </ClCompile>
    <ClCompile Include="SCOMM.cpp">
      <Filter>Source Files</Filter>
    </ClCompile>
    <ClCompile Include="SCOMMDlg.cpp">
      <Filter>Source Files</Filter>
    </ClCompile>
    <ClCompile Include="SerialPort.cpp">
      <Filter>Source Files</Filter>
    </ClCompile>
    <ClCompile Include="StdAfx.cpp">
      <Filter>Source Files</Filter>
    </ClCompile>
  </ItemGroup>
  <ItemGroup>
    <ResourceCompile Include="SCOMM.rc">
      <Filter>Source Files</Filter>
    </ResourceCompile>
  </ItemGroup>
  <ItemGroup>
    <ClInclude Include="AnimateDlgIcon.h">
      <Filter>Header Files</Filter>
    </ClInclude>
    <ClInclude Include="PushPin.h">
      <Filter>Header Files</Filter>
    </ClInclude>
    <ClInclude Include="Resource.h">
      <Filter>Header Files</Filter>
    </ClInclude>
    <ClInclude Include="SCOMM.h">
      <Filter>Header Files</Filter>
    </ClInclude>
    <ClInclude Include="SCOMMDlg.h">
      <Filter>Header Files</Filter>
    </ClInclude>
    <ClInclude Include="SerialPort.h">
      <Filter>Header Files</Filter>
    </ClInclude>
    <ClInclude Include="StdAfx.h">
      <Filter>Header Files</Filter>
    </ClInclude>
  </ItemGroup>
  <ItemGroup>
    <Image Include="RES\anim.bmp">
      <Filter>Resource Files</Filter>
    </Image>
    <Image Include="res\comm.ico">
      <Filter>Resource Files</Filter>
    </Image>
    <Image Include="Res\gjwtech1.ico">
      <Filter>Resource Files</Filter>
    </Image>
    <Image Include="Res\icon_gre.ico">
      <Filter>Resource Files</Filter>
    </Image>
    <Image Include="Res\icon_not.ico">
      <Filter>Resource Files</Filter>
    </Image>
    <Image Include="Res\icon_on.ico">
      <Filter>Resource Files</Filter>
    </Image>
    <Image Include="RES\pinned.bmp">
      <Filter>Resource Files</Filter>
    </Image>
    <Image Include="res\SCOMM.ico">
      <Filter>Resource Files</Filter>
    </Image>
    <Image Include="RES\unpinned.bmp">
      <Filter>Resource Files</Filter>
    </Image>
  </ItemGroup>
  <ItemGroup>
    <Text Include="ReadMe.txt" />
  </ItemGroup>
  <ItemGroup>
    <CustomBuild Include="res\CURSOR1.CUR">
      <Filter>Resource Files</Filter>
    </CustomBuild>
    <CustomBuild Include="res\SCOMM.rc2">
      <Filter>Resource Files</Filter>
    </CustomBuild>
  </ItemGroup>
</Project>